
Microsoft Visual Studio Solution File, Format Version 12.00
# Visual Studio Version 17
VisualStudioVersion = 17.9.34622.214
MinimumVisualStudioVersion = 10.0.40219.1
Project("{FAE04EC0-301F-11D3-BF4B-00C04F79EFBC}") = "WalletAspNetCore", "WalletAspNetCore.csproj", "{408C9F84-EEA0-4676-93BC-D2895D964134}"
EndProject
Global
	GlobalSection(SolutionConfigurationPlatforms) = preSolution
		Debug|Any CPU = Debug|Any CPU
		Release|Any CPU = Release|Any CPU
	EndGlobalSection
	GlobalSection(ProjectConfigurationPlatforms) = postSolution
		{408C9F84-EEA0-4676-93BC-D2895D964134}.Debug|Any CPU.ActiveCfg = Debug|Any CPU
		{408C9F84-EEA0-4676-93BC-D2895D964134}.Debug|Any CPU.Build.0 = Debug|Any CPU
		{408C9F84-EEA0-4676-93BC-D2895D964134}.Release|Any CPU.ActiveCfg = Release|Any CPU
		{408C9F84-EEA0-4676-93BC-D2895D964134}.Release|Any CPU.Build.0 = Release|Any CPU
	EndGlobalSection
	GlobalSection(SolutionProperties) = preSolution
		HideSolutionNode = FALSE
	EndGlobalSection
	GlobalSection(ExtensibilityGlobals) = postSolution
		SolutionGuid = {73896A65-429B-4D10-9470-81811D2F4808}
	EndGlobalSection
EndGlobal
